{
	"name": "@geonet/leaflet-wmgs",
	"version": "1.0.12",
	"lockfileVersion": 1,
	"requires": true,
	"dependencies": {
		"@parellin/lightmap": {
			"version": "0.1.2",
			"resolved": "https://registry.npmjs.org/@parellin/lightmap/-/lightmap-0.1.2.tgz",
			"integrity": "sha512-NvXLAhqovRnSmhHwTiDrdVplIXOns4jd7npVDyYHHUBlLqyzXv+mmfO6tvYg/26DiOnMrSj83w45oFgmjjRWKA=="
		},
		"http-response-class": {
			"version": "1.2.4",
			"resolved": "https://registry.npmjs.org/http-response-class/-/http-response-class-1.2.4.tgz",
			"integrity": "sha512-hpv16GyL7/NSRlb+AbmX1uLteH1E81mD6g4LAl0aq4sknF+Cw1XWCzqSAYvcqls3HvsEdBIIRfxYnPVaynpihQ=="
		},
		"leaflet": {
			"version": "1.4.0",
			"resolved": "https://registry.npmjs.org/leaflet/-/leaflet-1.4.0.tgz",
			"integrity": "sha512-x9j9tGY1+PDLN9pcWTx9/y6C5nezoTMB8BLK5jTakx+H7bPlnbCHfi9Hjg+Qt36sgDz/cb9lrSpNQXmk45Tvhw=="
		}
	}
}
